PODS:
  - EMSpinnerButton (1.0.0)
  - EzPopup (1.0)
  - RSFloatInputView (1.1.0)

DEPENDENCIES:
  - EMSpinnerButton
  - EzPopup
  - RSFloatInputView

SPEC REPOS:
  https://github.com/cocoapods/specs.git:
    - EMSpinnerButton
    - EzPopup
    - RSFloatInputView

SPEC CHECKSUMS:
  EMSpinnerButton: edcf72c6a9809a7ede3f6e0696a7c7b38ca8180d
  EzPopup: 8ab951717736197e57b8f9973816fa2601cd59c5
  RSFloatInputView: 3899803dec34b7dbe04c87ea4c4ea69eca210f9d

PODFILE CHECKSUM: ebc69d2e3d1fbbf2a63f84bdd313586c1ebf9c26

COCOAPODS: 1.5.3
