PODS:
  - EMSpinnerButton (1.0.0)
  - EzPopup (1.0)
  - Realm (3.11.1):
    - Realm/Headers (= 3.11.1)
  - Realm/Headers (3.11.1)
  - RealmSwift (3.11.1):
    - Realm (= 3.11.1)
  - RSFloatInputView (1.1.0)
  - WOWMarkSlider (0.1.7)

DEPENDENCIES:
  - EMSpinnerButton
  - EzPopup
  - RealmSwift
  - RSFloatInputView
  - WOWMarkSlider

SPEC REPOS:
  https://github.com/cocoapods/specs.git:
    - EMSpinnerButton
    - EzPopup
    - Realm
    - RealmSwift
    - RSFloatInputView
    - WOWMarkSlider

SPEC CHECKSUMS:
  EMSpinnerButton: edcf72c6a9809a7ede3f6e0696a7c7b38ca8180d
  EzPopup: 8ab951717736197e57b8f9973816fa2601cd59c5
  Realm: 037c5919b9ceb59d6beed5d3b031096856b119b3
  RealmSwift: c9580133e73ef40ed340401af2dbc9a5790dfea7
  RSFloatInputView: 3899803dec34b7dbe04c87ea4c4ea69eca210f9d
  WOWMarkSlider: 690025805287b6ed65b5f0771e4143800a53cf7d

PODFILE CHECKSUM: 50bc611185466a87005af613007dcb685cb84a09

COCOAPODS: 1.5.3
