// !$*UTF8*$!
{
	archiveVersion = 1;
	classes = {
	};
	objectVersion = 50;
	objects = {

/* Begin PBXBuildFile section */
		431B486A218C826D004778CE /* MenuVC.swift in Sources */ = {isa = PBXBuildFile; fileRef = 431B4869218C826D004778CE /* MenuVC.swift */; };
		431B486C218C82DF004778CE /* MenuViewModel.swift in Sources */ = {isa = PBXBuildFile; fileRef = 431B486B218C82DF004778CE /* MenuViewModel.swift */; };
		431B4870218C84AD004778CE /* BaseTableViewCell.swift in Sources */ = {isa = PBXBuildFile; fileRef = 431B486F218C84AD004778CE /* BaseTableViewCell.swift */; };
		431B4873218C84F5004778CE /* MenuListCell.swift in Sources */ = {isa = PBXBuildFile; fileRef = 431B4872218C84F5004778CE /* MenuListCell.swift */; };
		431B4876218C8587004778CE /* MenuListCell.xib in Resources */ = {isa = PBXBuildFile; fileRef = 431B4875218C8587004778CE /* MenuListCell.xib */; };
		43583AB02190246B00FFC55A /* InverstmentViewModel.swift in Sources */ = {isa = PBXBuildFile; fileRef = 43583AAF2190246B00FFC55A /* InverstmentViewModel.swift */; };
		43583AB3219037D700FFC55A /* InvestmentCell.swift in Sources */ = {isa = PBXBuildFile; fileRef = 43583AB2219037D700FFC55A /* InvestmentCell.swift */; };
		43583AB5219037E400FFC55A /* InvestmentCell.xib in Resources */ = {isa = PBXBuildFile; fileRef = 43583AB4219037E400FFC55A /* InvestmentCell.xib */; };
		43583AB821904B2A00FFC55A /* InvestmentDetailsVC.swift in Sources */ = {isa = PBXBuildFile; fileRef = 43583AB721904B2A00FFC55A /* InvestmentDetailsVC.swift */; };
		43583ABE219071E800FFC55A /* EditableAccessoryView.xib in Resources */ = {isa = PBXBuildFile; fileRef = 43583ABD219071E800FFC55A /* EditableAccessoryView.xib */; };
		43591D41218AF5C600ABCB0A /* LocalAuthentication.framework in Frameworks */ = {isa = PBXBuildFile; fileRef = 43591D40218AF5C600ABCB0A /* LocalAuthentication.framework */; };
		43591D44218B0E9E00ABCB0A /* AuthenticationViewController.swift in Sources */ = {isa = PBXBuildFile; fileRef = 43591D43218B0E9E00ABCB0A /* AuthenticationViewController.swift */; };
		43591D47218B40AD00ABCB0A /* Others.storyboard in Resources */ = {isa = PBXBuildFile; fileRef = 43591D46218B40AD00ABCB0A /* Others.storyboard */; };
		435DF3F921898FD900D74D64 /* AppDelegate.swift in Sources */ = {isa = PBXBuildFile; fileRef = 435DF3F821898FD900D74D64 /* AppDelegate.swift */; };
		435DF3FE21898FD900D74D64 /* Main.storyboard in Resources */ = {isa = PBXBuildFile; fileRef = 435DF3FC21898FD900D74D64 /* Main.storyboard */; };
		435DF40021898FDC00D74D64 /* Assets.xcassets in Resources */ = {isa = PBXBuildFile; fileRef = 435DF3FF21898FDC00D74D64 /* Assets.xcassets */; };
		435DF40321898FDC00D74D64 /* LaunchScreen.storyboard in Resources */ = {isa = PBXBuildFile; fileRef = 435DF40121898FDC00D74D64 /* LaunchScreen.storyboard */; };
		435DF40E21898FDC00D74D64 /* InvestmentTests.swift in Sources */ = {isa = PBXBuildFile; fileRef = 435DF40D21898FDC00D74D64 /* InvestmentTests.swift */; };
		435DF41921898FDC00D74D64 /* InvestmentUITests.swift in Sources */ = {isa = PBXBuildFile; fileRef = 435DF41821898FDC00D74D64 /* InvestmentUITests.swift */; };
		435DF43A218997F000D74D64 /* BaseViewController.swift in Sources */ = {isa = PBXBuildFile; fileRef = 435DF439218997F000D74D64 /* BaseViewController.swift */; };
		435DF43D2189980B00D74D64 /* LoginViewController.swift in Sources */ = {isa = PBXBuildFile; fileRef = 435DF43C2189980B00D74D64 /* LoginViewController.swift */; };
		435DF4442189B7CF00D74D64 /* BaseTableViewController.swift in Sources */ = {isa = PBXBuildFile; fileRef = 435DF4432189B7CF00D74D64 /* BaseTableViewController.swift */; };
		4386A2E12192C142007A2D64 /* Applications.swift in Sources */ = {isa = PBXBuildFile; fileRef = 4386A2BF2192C142007A2D64 /* Applications.swift */; };
		4386A2E22192C142007A2D64 /* TouchIDAuthentication.swift in Sources */ = {isa = PBXBuildFile; fileRef = 4386A2C12192C142007A2D64 /* TouchIDAuthentication.swift */; };
		4386A2E32192C142007A2D64 /* Constants.swift in Sources */ = {isa = PBXBuildFile; fileRef = 4386A2C32192C142007A2D64 /* Constants.swift */; };
		4386A2E42192C142007A2D64 /* UIColor+Inverstment.swift in Sources */ = {isa = PBXBuildFile; fileRef = 4386A2C62192C142007A2D64 /* UIColor+Inverstment.swift */; };
		4386A2E52192C142007A2D64 /* UINavigationController+Investment.swift in Sources */ = {isa = PBXBuildFile; fileRef = 4386A2C72192C142007A2D64 /* UINavigationController+Investment.swift */; };
		4386A2E62192C142007A2D64 /* UIStoryboard+Storyboards.swift in Sources */ = {isa = PBXBuildFile; fileRef = 4386A2C82192C142007A2D64 /* UIStoryboard+Storyboards.swift */; };
		4386A2E72192C142007A2D64 /* UIView+Inverstment.swift in Sources */ = {isa = PBXBuildFile; fileRef = 4386A2C92192C142007A2D64 /* UIView+Inverstment.swift */; };
		4386A2E82192C142007A2D64 /* EditableAccessoryView.swift in Sources */ = {isa = PBXBuildFile; fileRef = 4386A2CB2192C142007A2D64 /* EditableAccessoryView.swift */; };
		4386A2E92192C142007A2D64 /* JAEditableTextView.swift in Sources */ = {isa = PBXBuildFile; fileRef = 4386A2CC2192C142007A2D64 /* JAEditableTextView.swift */; };
		4386A2EA2192C142007A2D64 /* JANagivationStyle.swift in Sources */ = {isa = PBXBuildFile; fileRef = 4386A2CE2192C142007A2D64 /* JANagivationStyle.swift */; };
		4386A2EB2192C142007A2D64 /* UIController.swift in Sources */ = {isa = PBXBuildFile; fileRef = 4386A2CF2192C142007A2D64 /* UIController.swift */; };
		4386A2EC2192C142007A2D64 /* Collection+FAPanel.swift in Sources */ = {isa = PBXBuildFile; fileRef = 4386A2D12192C142007A2D64 /* Collection+FAPanel.swift */; };
		4386A2ED2192C142007A2D64 /* FAPanel+Animations.swift in Sources */ = {isa = PBXBuildFile; fileRef = 4386A2D22192C142007A2D64 /* FAPanel+Animations.swift */; };
		4386A2EE2192C142007A2D64 /* FAPanel+Gestures.swift in Sources */ = {isa = PBXBuildFile; fileRef = 4386A2D32192C142007A2D64 /* FAPanel+Gestures.swift */; };
		4386A2EF2192C142007A2D64 /* FAPanel+InterfaceRotation.swift in Sources */ = {isa = PBXBuildFile; fileRef = 4386A2D42192C142007A2D64 /* FAPanel+InterfaceRotation.swift */; };
		4386A2F02192C142007A2D64 /* FAPanel+KVO.swift in Sources */ = {isa = PBXBuildFile; fileRef = 4386A2D52192C142007A2D64 /* FAPanel+KVO.swift */; };
		4386A2F12192C142007A2D64 /* FAPanel.swift in Sources */ = {isa = PBXBuildFile; fileRef = 4386A2D62192C142007A2D64 /* FAPanel.swift */; };
		4386A2F22192C142007A2D64 /* FAPanelConfigurations.swift in Sources */ = {isa = PBXBuildFile; fileRef = 4386A2D72192C142007A2D64 /* FAPanelConfigurations.swift */; };
		4386A2F32192C142007A2D64 /* UIImage+FAPanel.swift in Sources */ = {isa = PBXBuildFile; fileRef = 4386A2D82192C142007A2D64 /* UIImage+FAPanel.swift */; };
		4386A2F42192C142007A2D64 /* UIView+FAPanel.swift in Sources */ = {isa = PBXBuildFile; fileRef = 4386A2D92192C142007A2D64 /* UIView+FAPanel.swift */; };
		4386A2F52192C142007A2D64 /* UIViewController+FAPanel.swift in Sources */ = {isa = PBXBuildFile; fileRef = 4386A2DA2192C142007A2D64 /* UIViewController+FAPanel.swift */; };
		4386A2F62192C142007A2D64 /* NavigationHelper.swift in Sources */ = {isa = PBXBuildFile; fileRef = 4386A2DD2192C142007A2D64 /* NavigationHelper.swift */; };
		4386A2F72192C142007A2D64 /* UIStoryboardProtocol.swift in Sources */ = {isa = PBXBuildFile; fileRef = 4386A2DF2192C142007A2D64 /* UIStoryboardProtocol.swift */; };
		43A20C85218C15120085C610 /* InverstmentListVC.swift in Sources */ = {isa = PBXBuildFile; fileRef = 43A20C84218C15120085C610 /* InverstmentListVC.swift */; };
		4888D02662B92E041DFCE60B /* Pods_Investment.framework in Frameworks */ = {isa = PBXBuildFile; fileRef = A27BF456CDA4781116028015 /* Pods_Investment.framework */; };
/* End PBXBuildFile section */

/* Begin PBXContainerItemProxy section */
		435DF40A21898FDC00D74D64 /* PBXContainerItemProxy */ = {
			isa = PBXContainerItemProxy;
			containerPortal = 435DF3ED21898FD900D74D64 /* Project object */;
			proxyType = 1;
			remoteGlobalIDString = 435DF3F421898FD900D74D64;
			remoteInfo = Investment;
		};
		435DF41521898FDC00D74D64 /* PBXContainerItemProxy */ = {
			isa = PBXContainerItemProxy;
			containerPortal = 435DF3ED21898FD900D74D64 /* Project object */;
			proxyType = 1;
			remoteGlobalIDString = 435DF3F421898FD900D74D64;
			remoteInfo = Investment;
		};
/* End PBXContainerItemProxy section */

/* Begin PBXFileReference section */
		2E681DB4BBBF9D58CA8F7E27 /* Pods-Investment.debug.xcconfig */ = {isa = PBXFileReference; includeInIndex = 1; lastKnownFileType = text.xcconfig; name = "Pods-Investment.debug.xcconfig"; path = "Pods/Target Support Files/Pods-Investment/Pods-Investment.debug.xcconfig"; sourceTree = "<group>"; };
		431B4869218C826D004778CE /* MenuVC.swift */ = {isa = PBXFileReference; lastKnownFileType = sourcecode.swift; path = MenuVC.swift; sourceTree = "<group>"; };
		431B486B218C82DF004778CE /* MenuViewModel.swift */ = {isa = PBXFileReference; lastKnownFileType = sourcecode.swift; path = MenuViewModel.swift; sourceTree = "<group>"; };
		431B486F218C84AD004778CE /* BaseTableViewCell.swift */ = {isa = PBXFileReference; lastKnownFileType = sourcecode.swift; path = BaseTableViewCell.swift; sourceTree = "<group>"; };
		431B4872218C84F5004778CE /* MenuListCell.swift */ = {isa = PBXFileReference; lastKnownFileType = sourcecode.swift; path = MenuListCell.swift; sourceTree = "<group>"; };
		431B4875218C8587004778CE /* MenuListCell.xib */ = {isa = PBXFileReference; lastKnownFileType = file.xib; path = MenuListCell.xib; sourceTree = "<group>"; };
		43583AAF2190246B00FFC55A /* InverstmentViewModel.swift */ = {isa = PBXFileReference; lastKnownFileType = sourcecode.swift; path = InverstmentViewModel.swift; sourceTree = "<group>"; };
		43583AB2219037D700FFC55A /* InvestmentCell.swift */ = {isa = PBXFileReference; lastKnownFileType = sourcecode.swift; path = InvestmentCell.swift; sourceTree = "<group>"; };
		43583AB4219037E400FFC55A /* InvestmentCell.xib */ = {isa = PBXFileReference; lastKnownFileType = file.xib; path = InvestmentCell.xib; sourceTree = "<group>"; };
		43583AB721904B2A00FFC55A /* InvestmentDetailsVC.swift */ = {isa = PBXFileReference; lastKnownFileType = sourcecode.swift; path = InvestmentDetailsVC.swift; sourceTree = "<group>"; };
		43583ABD219071E800FFC55A /* EditableAccessoryView.xib */ = {isa = PBXFileReference; lastKnownFileType = file.xib; path = EditableAccessoryView.xib; sourceTree = "<group>"; };
		43591D40218AF5C600ABCB0A /* LocalAuthentication.framework */ = {isa = PBXFileReference; lastKnownFileType = wrapper.framework; name = LocalAuthentication.framework; path = System/Library/Frameworks/LocalAuthentication.framework; sourceTree = SDKROOT; };
		43591D43218B0E9E00ABCB0A /* AuthenticationViewController.swift */ = {isa = PBXFileReference; lastKnownFileType = sourcecode.swift; path = AuthenticationViewController.swift; sourceTree = "<group>"; };
		43591D46218B40AD00ABCB0A /* Others.storyboard */ = {isa = PBXFileReference; lastKnownFileType = file.storyboard; path = Others.storyboard; sourceTree = "<group>"; };
		435DF3F521898FD900D74D64 /* Investment.app */ = {isa = PBXFileReference; explicitFileType = wrapper.application; includeInIndex = 0; path = Investment.app; sourceTree = BUILT_PRODUCTS_DIR; };
		435DF3F821898FD900D74D64 /* AppDelegate.swift */ = {isa = PBXFileReference; lastKnownFileType = sourcecode.swift; path = AppDelegate.swift; sourceTree = "<group>"; };
		435DF3FD21898FD900D74D64 /* Base */ = {isa = PBXFileReference; lastKnownFileType = file.storyboard; name = Base; path = Base.lproj/Main.storyboard; sourceTree = "<group>"; };
		435DF3FF21898FDC00D74D64 /* Assets.xcassets */ = {isa = PBXFileReference; lastKnownFileType = folder.assetcatalog; path = Assets.xcassets; sourceTree = "<group>"; };
		435DF40221898FDC00D74D64 /* Base */ = {isa = PBXFileReference; lastKnownFileType = file.storyboard; name = Base; path = Base.lproj/LaunchScreen.storyboard; sourceTree = "<group>"; };
		435DF40421898FDC00D74D64 /* Info.plist */ = {isa = PBXFileReference; lastKnownFileType = text.plist.xml; path = Info.plist; sourceTree = "<group>"; };
		435DF40921898FDC00D74D64 /* InvestmentTests.xctest */ = {isa = PBXFileReference; explicitFileType = wrapper.cfbundle; includeInIndex = 0; path = InvestmentTests.xctest; sourceTree = BUILT_PRODUCTS_DIR; };
		435DF40D21898FDC00D74D64 /* InvestmentTests.swift */ = {isa = PBXFileReference; lastKnownFileType = sourcecode.swift; path = InvestmentTests.swift; sourceTree = "<group>"; };
		435DF40F21898FDC00D74D64 /* Info.plist */ = {isa = PBXFileReference; lastKnownFileType = text.plist.xml; path = Info.plist; sourceTree = "<group>"; };
		435DF41421898FDC00D74D64 /* InvestmentUITests.xctest */ = {isa = PBXFileReference; explicitFileType = wrapper.cfbundle; includeInIndex = 0; path = InvestmentUITests.xctest; sourceTree = BUILT_PRODUCTS_DIR; };
		435DF41821898FDC00D74D64 /* InvestmentUITests.swift */ = {isa = PBXFileReference; lastKnownFileType = sourcecode.swift; path = InvestmentUITests.swift; sourceTree = "<group>"; };
		435DF41A21898FDC00D74D64 /* Info.plist */ = {isa = PBXFileReference; lastKnownFileType = text.plist.xml; path = Info.plist; sourceTree = "<group>"; };
		435DF439218997F000D74D64 /* BaseViewController.swift */ = {isa = PBXFileReference; lastKnownFileType = sourcecode.swift; path = BaseViewController.swift; sourceTree = "<group>"; };
		435DF43C2189980B00D74D64 /* LoginViewController.swift */ = {isa = PBXFileReference; lastKnownFileType = sourcecode.swift; path = LoginViewController.swift; sourceTree = "<group>"; };
		435DF4432189B7CF00D74D64 /* BaseTableViewController.swift */ = {isa = PBXFileReference; lastKnownFileType = sourcecode.swift; path = BaseTableViewController.swift; sourceTree = "<group>"; };
		4386A2BF2192C142007A2D64 /* Applications.swift */ = {isa = PBXFileReference; fileEncoding = 4; lastKnownFileType = sourcecode.swift; path = Applications.swift; sourceTree = "<group>"; };
		4386A2C12192C142007A2D64 /* TouchIDAuthentication.swift */ = {isa = PBXFileReference; fileEncoding = 4; lastKnownFileType = sourcecode.swift; path = TouchIDAuthentication.swift; sourceTree = "<group>"; };
		4386A2C32192C142007A2D64 /* Constants.swift */ = {isa = PBXFileReference; fileEncoding = 4; lastKnownFileType = sourcecode.swift; path = Constants.swift; sourceTree = "<group>"; };
		4386A2C62192C142007A2D64 /* UIColor+Inverstment.swift */ = {isa = PBXFileReference; fileEncoding = 4; lastKnownFileType = sourcecode.swift; path = "UIColor+Inverstment.swift"; sourceTree = "<group>"; };
		4386A2C72192C142007A2D64 /* UINavigationController+Investment.swift */ = {isa = PBXFileReference; fileEncoding = 4; lastKnownFileType = sourcecode.swift; path = "UINavigationController+Investment.swift"; sourceTree = "<group>"; };
		4386A2C82192C142007A2D64 /* UIStoryboard+Storyboards.swift */ = {isa = PBXFileReference; fileEncoding = 4; lastKnownFileType = sourcecode.swift; path = "UIStoryboard+Storyboards.swift"; sourceTree = "<group>"; };
		4386A2C92192C142007A2D64 /* UIView+Inverstment.swift */ = {isa = PBXFileReference; fileEncoding = 4; lastKnownFileType = sourcecode.swift; path = "UIView+Inverstment.swift"; sourceTree = "<group>"; };
		4386A2CB2192C142007A2D64 /* EditableAccessoryView.swift */ = {isa = PBXFileReference; fileEncoding = 4; lastKnownFileType = sourcecode.swift; path = EditableAccessoryView.swift; sourceTree = "<group>"; };
		4386A2CC2192C142007A2D64 /* JAEditableTextView.swift */ = {isa = PBXFileReference; fileEncoding = 4; lastKnownFileType = sourcecode.swift; path = JAEditableTextView.swift; sourceTree = "<group>"; };
		4386A2CE2192C142007A2D64 /* JANagivationStyle.swift */ = {isa = PBXFileReference; fileEncoding = 4; lastKnownFileType = sourcecode.swift; path = JANagivationStyle.swift; sourceTree = "<group>"; };
		4386A2CF2192C142007A2D64 /* UIController.swift */ = {isa = PBXFileReference; fileEncoding = 4; lastKnownFileType = sourcecode.swift; path = UIController.swift; sourceTree = "<group>"; };
		4386A2D12192C142007A2D64 /* Collection+FAPanel.swift */ = {isa = PBXFileReference; fileEncoding = 4; lastKnownFileType = sourcecode.swift; path = "Collection+FAPanel.swift"; sourceTree = "<group>"; };
		4386A2D22192C142007A2D64 /* FAPanel+Animations.swift */ = {isa = PBXFileReference; fileEncoding = 4; lastKnownFileType = sourcecode.swift; path = "FAPanel+Animations.swift"; sourceTree = "<group>"; };
		4386A2D32192C142007A2D64 /* FAPanel+Gestures.swift */ = {isa = PBXFileReference; fileEncoding = 4; lastKnownFileType = sourcecode.swift; path = "FAPanel+Gestures.swift"; sourceTree = "<group>"; };
		4386A2D42192C142007A2D64 /* FAPanel+InterfaceRotation.swift */ = {isa = PBXFileReference; fileEncoding = 4; lastKnownFileType = sourcecode.swift; path = "FAPanel+InterfaceRotation.swift"; sourceTree = "<group>"; };
		4386A2D52192C142007A2D64 /* FAPanel+KVO.swift */ = {isa = PBXFileReference; fileEncoding = 4; lastKnownFileType = sourcecode.swift; path = "FAPanel+KVO.swift"; sourceTree = "<group>"; };
		4386A2D62192C142007A2D64 /* FAPanel.swift */ = {isa = PBXFileReference; fileEncoding = 4; lastKnownFileType = sourcecode.swift; path = FAPanel.swift; sourceTree = "<group>"; };
		4386A2D72192C142007A2D64 /* FAPanelConfigurations.swift */ = {isa = PBXFileReference; fileEncoding = 4; lastKnownFileType = sourcecode.swift; path = FAPanelConfigurations.swift; sourceTree = "<group>"; };
		4386A2D82192C142007A2D64 /* UIImage+FAPanel.swift */ = {isa = PBXFileReference; fileEncoding = 4; lastKnownFileType = sourcecode.swift; path = "UIImage+FAPanel.swift"; sourceTree = "<group>"; };
		4386A2D92192C142007A2D64 /* UIView+FAPanel.swift */ = {isa = PBXFileReference; fileEncoding = 4; lastKnownFileType = sourcecode.swift; path = "UIView+FAPanel.swift"; sourceTree = "<group>"; };
		4386A2DA2192C142007A2D64 /* UIViewController+FAPanel.swift */ = {isa = PBXFileReference; fileEncoding = 4; lastKnownFileType = sourcecode.swift; path = "UIViewController+FAPanel.swift"; sourceTree = "<group>"; };
		4386A2DD2192C142007A2D64 /* NavigationHelper.swift */ = {isa = PBXFileReference; fileEncoding = 4; lastKnownFileType = sourcecode.swift; path = NavigationHelper.swift; sourceTree = "<group>"; };
		4386A2DF2192C142007A2D64 /* UIStoryboardProtocol.swift */ = {isa = PBXFileReference; fileEncoding = 4; lastKnownFileType = sourcecode.swift; path = UIStoryboardProtocol.swift; sourceTree = "<group>"; };
		43A20C84218C15120085C610 /* InverstmentListVC.swift */ = {isa = PBXFileReference; lastKnownFileType = sourcecode.swift; path = InverstmentListVC.swift; sourceTree = "<group>"; };
		91CB04FE6D90241F0826DF70 /* Pods-Investment.release.xcconfig */ = {isa = PBXFileReference; includeInIndex = 1; lastKnownFileType = text.xcconfig; name = "Pods-Investment.release.xcconfig"; path = "Pods/Target Support Files/Pods-Investment/Pods-Investment.release.xcconfig"; sourceTree = "<group>"; };
		A27BF456CDA4781116028015 /* Pods_Investment.framework */ = {isa = PBXFileReference; explicitFileType = wrapper.framework; includeInIndex = 0; path = Pods_Investment.framework; sourceTree = BUILT_PRODUCTS_DIR; };
/* End PBXFileReference section */

/* Begin PBXFrameworksBuildPhase section */
		435DF3F221898FD900D74D64 /* Frameworks */ = {
			isa = PBXFrameworksBuildPhase;
			buildActionMask = 2147483647;
			files = (
				43591D41218AF5C600ABCB0A /* LocalAuthentication.framework in Frameworks */,
				4888D02662B92E041DFCE60B /* Pods_Investment.framework in Frameworks */,
			);
			runOnlyForDeploymentPostprocessing = 0;
		};
		435DF40621898FDC00D74D64 /* Frameworks */ = {
			isa = PBXFrameworksBuildPhase;
			buildActionMask = 2147483647;
			files = (
			);
			runOnlyForDeploymentPostprocessing = 0;
		};
		435DF41121898FDC00D74D64 /* Frameworks */ = {
			isa = PBXFrameworksBuildPhase;
			buildActionMask = 2147483647;
			files = (
			);
			runOnlyForDeploymentPostprocessing = 0;
		};
/* End PBXFrameworksBuildPhase section */

/* Begin PBXGroup section */
		2B7A1D019E94ED9E251BBC2D /* Pods */ = {
			isa = PBXGroup;
			children = (
				2E681DB4BBBF9D58CA8F7E27 /* Pods-Investment.debug.xcconfig */,
				91CB04FE6D90241F0826DF70 /* Pods-Investment.release.xcconfig */,
			);
			name = Pods;
			sourceTree = "<group>";
		};
		431B4850218C6CD9004778CE /* ViewModel */ = {
			isa = PBXGroup;
			children = (
				431B486B218C82DF004778CE /* MenuViewModel.swift */,
				43583AAF2190246B00FFC55A /* InverstmentViewModel.swift */,
			);
			path = ViewModel;
			sourceTree = "<group>";
		};
		431B4868218C8246004778CE /* Menu */ = {
			isa = PBXGroup;
			children = (
				431B4871218C84B9004778CE /* Cell */,
				431B4869218C826D004778CE /* MenuVC.swift */,
			);
			name = Menu;
			sourceTree = "<group>";
		};
		431B486D218C8488004778CE /* BaseCell */ = {
			isa = PBXGroup;
			children = (
				431B486E218C8490004778CE /* BaseTableViewCell */,
			);
			path = BaseCell;
			sourceTree = "<group>";
		};
		431B486E218C8490004778CE /* BaseTableViewCell */ = {
			isa = PBXGroup;
			children = (
				431B486F218C84AD004778CE /* BaseTableViewCell.swift */,
			);
			name = BaseTableViewCell;
			sourceTree = "<group>";
		};
		431B4871218C84B9004778CE /* Cell */ = {
			isa = PBXGroup;
			children = (
				431B4872218C84F5004778CE /* MenuListCell.swift */,
			);
			path = Cell;
			sourceTree = "<group>";
		};
		43583AB1219037B200FFC55A /* Cell */ = {
			isa = PBXGroup;
			children = (
				43583AB2219037D700FFC55A /* InvestmentCell.swift */,
			);
			name = Cell;
			sourceTree = "<group>";
		};
		43583AB621904AFD00FFC55A /* InvestmentDetails */ = {
			isa = PBXGroup;
			children = (
				43583AB721904B2A00FFC55A /* InvestmentDetailsVC.swift */,
			);
			name = InvestmentDetails;
			sourceTree = "<group>";
		};
		43591D42218B0E4500ABCB0A /* AuthenticationVC */ = {
			isa = PBXGroup;
			children = (
				43591D43218B0E9E00ABCB0A /* AuthenticationViewController.swift */,
			);
			name = AuthenticationVC;
			sourceTree = "<group>";
		};
		43591D45218B3F1800ABCB0A /* InverstmentList */ = {
			isa = PBXGroup;
			children = (
				43583AB1219037B200FFC55A /* Cell */,
				43A20C84218C15120085C610 /* InverstmentListVC.swift */,
			);
			path = InverstmentList;
			sourceTree = "<group>";
		};
		435DF3EC21898FD900D74D64 = {
			isa = PBXGroup;
			children = (
				435DF3F721898FD900D74D64 /* Investment */,
				435DF40C21898FDC00D74D64 /* InvestmentTests */,
				435DF41721898FDC00D74D64 /* InvestmentUITests */,
				435DF3F621898FD900D74D64 /* Products */,
				2B7A1D019E94ED9E251BBC2D /* Pods */,
				EB5BC71F5154EB0FF3E1FE76 /* Frameworks */,
			);
			sourceTree = "<group>";
		};
		435DF3F621898FD900D74D64 /* Products */ = {
			isa = PBXGroup;
			children = (
				435DF3F521898FD900D74D64 /* Investment.app */,
				435DF40921898FDC00D74D64 /* InvestmentTests.xctest */,
				435DF41421898FDC00D74D64 /* InvestmentUITests.xctest */,
			);
			name = Products;
			sourceTree = "<group>";
		};
		435DF3F721898FD900D74D64 /* Investment */ = {
			isa = PBXGroup;
			children = (
				4386A2DB2192C142007A2D64 /* Model */,
				4386A2C42192C142007A2D64 /* CoreData */,
				4386A2E02192C142007A2D64 /* Services */,
				4386A2BD2192C142007A2D64 /* Helpers */,
				431B4850218C6CD9004778CE /* ViewModel */,
				435DF42A2189916400D74D64 /* Resources */,
				435DF4292189908800D74D64 /* View */,
				435DF4262189901D00D74D64 /* Controller */,
				435DF3F821898FD900D74D64 /* AppDelegate.swift */,
				435DF40421898FDC00D74D64 /* Info.plist */,
			);
			path = Investment;
			sourceTree = "<group>";
		};
		435DF40C21898FDC00D74D64 /* InvestmentTests */ = {
			isa = PBXGroup;
			children = (
				435DF40D21898FDC00D74D64 /* InvestmentTests.swift */,
				435DF40F21898FDC00D74D64 /* Info.plist */,
			);
			path = InvestmentTests;
			sourceTree = "<group>";
		};
		435DF41721898FDC00D74D64 /* InvestmentUITests */ = {
			isa = PBXGroup;
			children = (
				435DF41821898FDC00D74D64 /* InvestmentUITests.swift */,
				435DF41A21898FDC00D74D64 /* Info.plist */,
			);
			path = InvestmentUITests;
			sourceTree = "<group>";
		};
		435DF4262189901D00D74D64 /* Controller */ = {
			isa = PBXGroup;
			children = (
				43583AB621904AFD00FFC55A /* InvestmentDetails */,
				431B486D218C8488004778CE /* BaseCell */,
				431B4868218C8246004778CE /* Menu */,
				43591D45218B3F1800ABCB0A /* InverstmentList */,
				43591D42218B0E4500ABCB0A /* AuthenticationVC */,
				435DF43B218997F500D74D64 /* Login */,
				435DF4332189972400D74D64 /* BaseViewController */,
			);
			path = Controller;
			sourceTree = "<group>";
		};
		435DF4292189908800D74D64 /* View */ = {
			isa = PBXGroup;
			children = (
				431B4875218C8587004778CE /* MenuListCell.xib */,
				43583AB4219037E400FFC55A /* InvestmentCell.xib */,
				43583ABD219071E800FFC55A /* EditableAccessoryView.xib */,
			);
			path = View;
			sourceTree = "<group>";
		};
		435DF42A2189916400D74D64 /* Resources */ = {
			isa = PBXGroup;
			children = (
				435DF4322189940D00D74D64 /* Assets */,
				435DF431218993E600D74D64 /* Storyboards-Nibs */,
				435DF42F2189930900D74D64 /* Fonts */,
				435DF3FF21898FDC00D74D64 /* Assets.xcassets */,
			);
			path = Resources;
			sourceTree = "<group>";
		};
		435DF42F2189930900D74D64 /* Fonts */ = {
			isa = PBXGroup;
			children = (
			);
			name = Fonts;
			sourceTree = "<group>";
		};
		435DF431218993E600D74D64 /* Storyboards-Nibs */ = {
			isa = PBXGroup;
			children = (
				435DF40121898FDC00D74D64 /* LaunchScreen.storyboard */,
				435DF3FC21898FD900D74D64 /* Main.storyboard */,
				43591D46218B40AD00ABCB0A /* Others.storyboard */,
			);
			path = "Storyboards-Nibs";
			sourceTree = "<group>";
		};
		435DF4322189940D00D74D64 /* Assets */ = {
			isa = PBXGroup;
			children = (
			);
			name = Assets;
			sourceTree = "<group>";
		};
		435DF4332189972400D74D64 /* BaseViewController */ = {
			isa = PBXGroup;
			children = (
				435DF439218997F000D74D64 /* BaseViewController.swift */,
				435DF4432189B7CF00D74D64 /* BaseTableViewController.swift */,
			);
			name = BaseViewController;
			path = ViewModel;
			sourceTree = "<group>";
		};
		435DF43B218997F500D74D64 /* Login */ = {
			isa = PBXGroup;
			children = (
				435DF43C2189980B00D74D64 /* LoginViewController.swift */,
			);
			name = Login;
			sourceTree = "<group>";
		};
		4386A2BD2192C142007A2D64 /* Helpers */ = {
			isa = PBXGroup;
			children = (
				4386A2BE2192C142007A2D64 /* Applications */,
				4386A2C02192C142007A2D64 /* Authentication */,
				4386A2C22192C142007A2D64 /* Constants */,
				4386A2C52192C142007A2D64 /* Extension */,
				4386A2CA2192C142007A2D64 /* JAEditableTextView */,
				4386A2CD2192C142007A2D64 /* JANagivationStyle */,
				4386A2D02192C142007A2D64 /* MenuClass */,
				4386A2DC2192C142007A2D64 /* NavigationHelper */,
				4386A2DE2192C142007A2D64 /* Protocol */,
			);
			path = Helpers;
			sourceTree = "<group>";
		};
		4386A2BE2192C142007A2D64 /* Applications */ = {
			isa = PBXGroup;
			children = (
				4386A2BF2192C142007A2D64 /* Applications.swift */,
			);
			path = Applications;
			sourceTree = "<group>";
		};
		4386A2C02192C142007A2D64 /* Authentication */ = {
			isa = PBXGroup;
			children = (
				4386A2C12192C142007A2D64 /* TouchIDAuthentication.swift */,
			);
			path = Authentication;
			sourceTree = "<group>";
		};
		4386A2C22192C142007A2D64 /* Constants */ = {
			isa = PBXGroup;
			children = (
				4386A2C32192C142007A2D64 /* Constants.swift */,
			);
			path = Constants;
			sourceTree = "<group>";
		};
		4386A2C42192C142007A2D64 /* CoreData */ = {
			isa = PBXGroup;
			children = (
			);
			path = CoreData;
			sourceTree = "<group>";
		};
		4386A2C52192C142007A2D64 /* Extension */ = {
			isa = PBXGroup;
			children = (
				4386A2C62192C142007A2D64 /* UIColor+Inverstment.swift */,
				4386A2C72192C142007A2D64 /* UINavigationController+Investment.swift */,
				4386A2C82192C142007A2D64 /* UIStoryboard+Storyboards.swift */,
				4386A2C92192C142007A2D64 /* UIView+Inverstment.swift */,
			);
			path = Extension;
			sourceTree = "<group>";
		};
		4386A2CA2192C142007A2D64 /* JAEditableTextView */ = {
			isa = PBXGroup;
			children = (
				4386A2CB2192C142007A2D64 /* EditableAccessoryView.swift */,
				4386A2CC2192C142007A2D64 /* JAEditableTextView.swift */,
			);
			path = JAEditableTextView;
			sourceTree = "<group>";
		};
		4386A2CD2192C142007A2D64 /* JANagivationStyle */ = {
			isa = PBXGroup;
			children = (
				4386A2CE2192C142007A2D64 /* JANagivationStyle.swift */,
				4386A2CF2192C142007A2D64 /* UIController.swift */,
			);
			path = JANagivationStyle;
			sourceTree = "<group>";
		};
		4386A2D02192C142007A2D64 /* MenuClass */ = {
			isa = PBXGroup;
			children = (
				4386A2D12192C142007A2D64 /* Collection+FAPanel.swift */,
				4386A2D22192C142007A2D64 /* FAPanel+Animations.swift */,
				4386A2D32192C142007A2D64 /* FAPanel+Gestures.swift */,
				4386A2D42192C142007A2D64 /* FAPanel+InterfaceRotation.swift */,
				4386A2D52192C142007A2D64 /* FAPanel+KVO.swift */,
				4386A2D62192C142007A2D64 /* FAPanel.swift */,
				4386A2D72192C142007A2D64 /* FAPanelConfigurations.swift */,
				4386A2D82192C142007A2D64 /* UIImage+FAPanel.swift */,
				4386A2D92192C142007A2D64 /* UIView+FAPanel.swift */,
				4386A2DA2192C142007A2D64 /* UIViewController+FAPanel.swift */,
			);
			path = MenuClass;
			sourceTree = "<group>";
		};
		4386A2DB2192C142007A2D64 /* Model */ = {
			isa = PBXGroup;
			children = (
			);
			path = Model;
			sourceTree = "<group>";
		};
		4386A2DC2192C142007A2D64 /* NavigationHelper */ = {
			isa = PBXGroup;
			children = (
				4386A2DD2192C142007A2D64 /* NavigationHelper.swift */,
			);
			path = NavigationHelper;
			sourceTree = "<group>";
		};
		4386A2DE2192C142007A2D64 /* Protocol */ = {
			isa = PBXGroup;
			children = (
				4386A2DF2192C142007A2D64 /* UIStoryboardProtocol.swift */,
			);
			path = Protocol;
			sourceTree = "<group>";
		};
		4386A2E02192C142007A2D64 /* Services */ = {
			isa = PBXGroup;
			children = (
			);
			path = Services;
			sourceTree = "<group>";
		};
		EB5BC71F5154EB0FF3E1FE76 /* Frameworks */ = {
			isa = PBXGroup;
			children = (
				43591D40218AF5C600ABCB0A /* LocalAuthentication.framework */,
				A27BF456CDA4781116028015 /* Pods_Investment.framework */,
			);
			name = Frameworks;
			sourceTree = "<group>";
		};
/* End PBXGroup section */

/* Begin PBXNativeTarget section */
		435DF3F421898FD900D74D64 /* Investment */ = {
			isa = PBXNativeTarget;
			buildConfigurationList = 435DF41D21898FDC00D74D64 /* Build configuration list for PBXNativeTarget "Investment" */;
			buildPhases = (
				FA31D3A5847C0CCDCFB55A22 /* [CP] Check Pods Manifest.lock */,
				435DF3F121898FD900D74D64 /* Sources */,
				435DF3F221898FD900D74D64 /* Frameworks */,
				435DF3F321898FD900D74D64 /* Resources */,
				344E99530EF2C33F3F480C5C /* [CP] Embed Pods Frameworks */,
			);
			buildRules = (
			);
			dependencies = (
			);
			name = Investment;
			productName = Investment;
			productReference = 435DF3F521898FD900D74D64 /* Investment.app */;
			productType = "com.apple.product-type.application";
		};
		435DF40821898FDC00D74D64 /* InvestmentTests */ = {
			isa = PBXNativeTarget;
			buildConfigurationList = 435DF42021898FDC00D74D64 /* Build configuration list for PBXNativeTarget "InvestmentTests" */;
			buildPhases = (
				435DF40521898FDC00D74D64 /* Sources */,
				435DF40621898FDC00D74D64 /* Frameworks */,
				435DF40721898FDC00D74D64 /* Resources */,
			);
			buildRules = (
			);
			dependencies = (
				435DF40B21898FDC00D74D64 /* PBXTargetDependency */,
			);
			name = InvestmentTests;
			productName = InvestmentTests;
			productReference = 435DF40921898FDC00D74D64 /* InvestmentTests.xctest */;
			productType = "com.apple.product-type.bundle.unit-test";
		};
		435DF41321898FDC00D74D64 /* InvestmentUITests */ = {
			isa = PBXNativeTarget;
			buildConfigurationList = 435DF42321898FDC00D74D64 /* Build configuration list for PBXNativeTarget "InvestmentUITests" */;
			buildPhases = (
				435DF41021898FDC00D74D64 /* Sources */,
				435DF41121898FDC00D74D64 /* Frameworks */,
				435DF41221898FDC00D74D64 /* Resources */,
			);
			buildRules = (
			);
			dependencies = (
				435DF41621898FDC00D74D64 /* PBXTargetDependency */,
			);
			name = InvestmentUITests;
			productName = InvestmentUITests;
			productReference = 435DF41421898FDC00D74D64 /* InvestmentUITests.xctest */;
			productType = "com.apple.product-type.bundle.ui-testing";
		};
/* End PBXNativeTarget section */

/* Begin PBXProject section */
		435DF3ED21898FD900D74D64 /* Project object */ = {
			isa = PBXProject;
			attributes = {
				LastSwiftUpdateCheck = 1000;
				LastUpgradeCheck = 1000;
				ORGANIZATIONNAME = "Jitendra Kumar Agarwal";
				TargetAttributes = {
					435DF3F421898FD900D74D64 = {
						CreatedOnToolsVersion = 10.0;
					};
					435DF40821898FDC00D74D64 = {
						CreatedOnToolsVersion = 10.0;
						TestTargetID = 435DF3F421898FD900D74D64;
					};
					435DF41321898FDC00D74D64 = {
						CreatedOnToolsVersion = 10.0;
						TestTargetID = 435DF3F421898FD900D74D64;
					};
				};
			};
			buildConfigurationList = 435DF3F021898FD900D74D64 /* Build configuration list for PBXProject "Investment" */;
			compatibilityVersion = "Xcode 9.3";
			developmentRegion = en;
			hasScannedForEncodings = 0;
			knownRegions = (
				en,
				Base,
			);
			mainGroup = 435DF3EC21898FD900D74D64;
			productRefGroup = 435DF3F621898FD900D74D64 /* Products */;
			projectDirPath = "";
			projectRoot = "";
			targets = (
				435DF3F421898FD900D74D64 /* Investment */,
				435DF40821898FDC00D74D64 /* InvestmentTests */,
				435DF41321898FDC00D74D64 /* InvestmentUITests */,
			);
		};
/* End PBXProject section */

/* Begin PBXResourcesBuildPhase section */
		435DF3F321898FD900D74D64 /* Resources */ = {
			isa = PBXResourcesBuildPhase;
			buildActionMask = 2147483647;
			files = (
				435DF40321898FDC00D74D64 /* LaunchScreen.storyboard in Resources */,
				431B4876218C8587004778CE /* MenuListCell.xib in Resources */,
				43583AB5219037E400FFC55A /* InvestmentCell.xib in Resources */,
				43591D47218B40AD00ABCB0A /* Others.storyboard in Resources */,
				435DF40021898FDC00D74D64 /* Assets.xcassets in Resources */,
				435DF3FE21898FD900D74D64 /* Main.storyboard in Resources */,
				43583ABE219071E800FFC55A /* EditableAccessoryView.xib in Resources */,
			);
			runOnlyForDeploymentPostprocessing = 0;
		};
		435DF40721898FDC00D74D64 /* Resources */ = {
			isa = PBXResourcesBuildPhase;
			buildActionMask = 2147483647;
			files = (
			);
			runOnlyForDeploymentPostprocessing = 0;
		};
		435DF41221898FDC00D74D64 /* Resources */ = {
			isa = PBXResourcesBuildPhase;
			buildActionMask = 2147483647;
			files = (
			);
			runOnlyForDeploymentPostprocessing = 0;
		};
/* End PBXResourcesBuildPhase section */

/* Begin PBXShellScriptBuildPhase section */
		344E99530EF2C33F3F480C5C /* [CP] Embed Pods Frameworks */ = {
			isa = PBXShellScriptBuildPhase;
			buildActionMask = 2147483647;
			files = (
			);
			inputFileListPaths = (
			);
			inputPaths = (
				"${SRCROOT}/Pods/Target Support Files/Pods-Investment/Pods-Investment-frameworks.sh",
				"${BUILT_PRODUCTS_DIR}/EMSpinnerButton/EMSpinnerButton.framework",
				"${BUILT_PRODUCTS_DIR}/RSFloatInputView/RSFloatInputView.framework",
			);
			name = "[CP] Embed Pods Frameworks";
			outputFileListPaths = (
			);
			outputPaths = (
				"${TARGET_BUILD_DIR}/${FRAMEWORKS_FOLDER_PATH}/EMSpinnerButton.framework",
				"${TARGET_BUILD_DIR}/${FRAMEWORKS_FOLDER_PATH}/RSFloatInputView.framework",
			);
			runOnlyForDeploymentPostprocessing = 0;
			shellPath = /bin/sh;
			shellScript = "\"${SRCROOT}/Pods/Target Support Files/Pods-Investment/Pods-Investment-frameworks.sh\"\n";
			showEnvVarsInLog = 0;
		};
		FA31D3A5847C0CCDCFB55A22 /* [CP] Check Pods Manifest.lock */ = {
			isa = PBXShellScriptBuildPhase;
			buildActionMask = 2147483647;
			files = (
			);
			inputFileListPaths = (
			);
			inputPaths = (
				"${PODS_PODFILE_DIR_PATH}/Podfile.lock",
				"${PODS_ROOT}/Manifest.lock",
			);
			name = "[CP] Check Pods Manifest.lock";
			outputFileListPaths = (
			);
			outputPaths = (
				"$(DERIVED_FILE_DIR)/Pods-Investment-checkManifestLockResult.txt",
			);
			runOnlyForDeploymentPostprocessing = 0;
			shellPath = /bin/sh;
			shellScript = "diff \"${PODS_PODFILE_DIR_PATH}/Podfile.lock\" \"${PODS_ROOT}/Manifest.lock\" > /dev/null\nif [ $? != 0 ] ; then\n    # print error to STDERR\n    echo \"error: The sandbox is not in sync with the Podfile.lock. Run 'pod install' or update your CocoaPods installation.\" >&2\n    exit 1\nfi\n# This output is used by Xcode 'outputs' to avoid re-running this script phase.\necho \"SUCCESS\" > \"${SCRIPT_OUTPUT_FILE_0}\"\n";
			showEnvVarsInLog = 0;
		};
/* End PBXShellScriptBuildPhase section */

/* Begin PBXSourcesBuildPhase section */
		435DF3F121898FD900D74D64 /* Sources */ = {
			isa = PBXSourcesBuildPhase;
			buildActionMask = 2147483647;
			files = (
				431B4873218C84F5004778CE /* MenuListCell.swift in Sources */,
				43583AB02190246B00FFC55A /* InverstmentViewModel.swift in Sources */,
				4386A2E62192C142007A2D64 /* UIStoryboard+Storyboards.swift in Sources */,
				4386A2F12192C142007A2D64 /* FAPanel.swift in Sources */,
				4386A2F22192C142007A2D64 /* FAPanelConfigurations.swift in Sources */,
				4386A2E52192C142007A2D64 /* UINavigationController+Investment.swift in Sources */,
				4386A2ED2192C142007A2D64 /* FAPanel+Animations.swift in Sources */,
				435DF43D2189980B00D74D64 /* LoginViewController.swift in Sources */,
				431B486C218C82DF004778CE /* MenuViewModel.swift in Sources */,
				4386A2F62192C142007A2D64 /* NavigationHelper.swift in Sources */,
				4386A2E92192C142007A2D64 /* JAEditableTextView.swift in Sources */,
				4386A2E12192C142007A2D64 /* Applications.swift in Sources */,
				431B4870218C84AD004778CE /* BaseTableViewCell.swift in Sources */,
				4386A2EE2192C142007A2D64 /* FAPanel+Gestures.swift in Sources */,
				4386A2F72192C142007A2D64 /* UIStoryboardProtocol.swift in Sources */,
				435DF43A218997F000D74D64 /* BaseViewController.swift in Sources */,
				4386A2E32192C142007A2D64 /* Constants.swift in Sources */,
				4386A2EF2192C142007A2D64 /* FAPanel+InterfaceRotation.swift in Sources */,
				4386A2F52192C142007A2D64 /* UIViewController+FAPanel.swift in Sources */,
				4386A2E72192C142007A2D64 /* UIView+Inverstment.swift in Sources */,
				4386A2E82192C142007A2D64 /* EditableAccessoryView.swift in Sources */,
				4386A2E42192C142007A2D64 /* UIColor+Inverstment.swift in Sources */,
				4386A2F32192C142007A2D64 /* UIImage+FAPanel.swift in Sources */,
				4386A2F42192C142007A2D64 /* UIView+FAPanel.swift in Sources */,
				43591D44218B0E9E00ABCB0A /* AuthenticationViewController.swift in Sources */,
				4386A2E22192C142007A2D64 /* TouchIDAuthentication.swift in Sources */,
				435DF4442189B7CF00D74D64 /* BaseTableViewController.swift in Sources */,
				43A20C85218C15120085C610 /* InverstmentListVC.swift in Sources */,
				435DF3F921898FD900D74D64 /* AppDelegate.swift in Sources */,
				43583AB3219037D700FFC55A /* InvestmentCell.swift in Sources */,
				4386A2F02192C142007A2D64 /* FAPanel+KVO.swift in Sources */,
				431B486A218C826D004778CE /* MenuVC.swift in Sources */,
				4386A2EC2192C142007A2D64 /* Collection+FAPanel.swift in Sources */,
				4386A2EA2192C142007A2D64 /* JANagivationStyle.swift in Sources */,
				43583AB821904B2A00FFC55A /* InvestmentDetailsVC.swift in Sources */,
				4386A2EB2192C142007A2D64 /* UIController.swift in Sources */,
			);
			runOnlyForDeploymentPostprocessing = 0;
		};
		435DF40521898FDC00D74D64 /* Sources */ = {
			isa = PBXSourcesBuildPhase;
			buildActionMask = 2147483647;
			files = (
				435DF40E21898FDC00D74D64 /* InvestmentTests.swift in Sources */,
			);
			runOnlyForDeploymentPostprocessing = 0;
		};
		435DF41021898FDC00D74D64 /* Sources */ = {
			isa = PBXSourcesBuildPhase;
			buildActionMask = 2147483647;
			files = (
				435DF41921898FDC00D74D64 /* InvestmentUITests.swift in Sources */,
			);
			runOnlyForDeploymentPostprocessing = 0;
		};
/* End PBXSourcesBuildPhase section */

/* Begin PBXTargetDependency section */
		435DF40B21898FDC00D74D64 /* PBXTargetDependency */ = {
			isa = PBXTargetDependency;
			target = 435DF3F421898FD900D74D64 /* Investment */;
			targetProxy = 435DF40A21898FDC00D74D64 /* PBXContainerItemProxy */;
		};
		435DF41621898FDC00D74D64 /* PBXTargetDependency */ = {
			isa = PBXTargetDependency;
			target = 435DF3F421898FD900D74D64 /* Investment */;
			targetProxy = 435DF41521898FDC00D74D64 /* PBXContainerItemProxy */;
		};
/* End PBXTargetDependency section */

/* Begin PBXVariantGroup section */
		435DF3FC21898FD900D74D64 /* Main.storyboard */ = {
			isa = PBXVariantGroup;
			children = (
				435DF3FD21898FD900D74D64 /* Base */,
			);
			name = Main.storyboard;
			sourceTree = "<group>";
		};
		435DF40121898FDC00D74D64 /* LaunchScreen.storyboard */ = {
			isa = PBXVariantGroup;
			children = (
				435DF40221898FDC00D74D64 /* Base */,
			);
			name = LaunchScreen.storyboard;
			sourceTree = "<group>";
		};
/* End PBXVariantGroup section */

/* Begin XCBuildConfiguration section */
		435DF41B21898FDC00D74D64 /* Debug */ = {
			isa = XCBuildConfiguration;
			buildSettings = {
				ALWAYS_SEARCH_USER_PATHS = NO;
				CLANG_ANALYZER_NONNULL = YES;
				CLANG_ANALYZER_NUMBER_OBJECT_CONVERSION = YES_AGGRESSIVE;
				CLANG_CXX_LANGUAGE_STANDARD = "gnu++14";
				CLANG_CXX_LIBRARY = "libc++";
				CLANG_ENABLE_MODULES = YES;
				CLANG_ENABLE_OBJC_ARC = YES;
				CLANG_ENABLE_OBJC_WEAK = YES;
				CLANG_WARN_BLOCK_CAPTURE_AUTORELEASING = YES;
				CLANG_WARN_BOOL_CONVERSION = YES;
				CLANG_WARN_COMMA = YES;
				CLANG_WARN_CONSTANT_CONVERSION = YES;
				CLANG_WARN_DEPRECATED_OBJC_IMPLEMENTATIONS = YES;
				CLANG_WARN_DIRECT_OBJC_ISA_USAGE = YES_ERROR;
				CLANG_WARN_DOCUMENTATION_COMMENTS = YES;
				CLANG_WARN_EMPTY_BODY = YES;
				CLANG_WARN_ENUM_CONVERSION = YES;
				CLANG_WARN_INFINITE_RECURSION = YES;
				CLANG_WARN_INT_CONVERSION = YES;
				CLANG_WARN_NON_LITERAL_NULL_CONVERSION = YES;
				CLANG_WARN_OBJC_IMPLICIT_RETAIN_SELF = YES;
				CLANG_WARN_OBJC_LITERAL_CONVERSION = YES;
				CLANG_WARN_OBJC_ROOT_CLASS = YES_ERROR;
				CLANG_WARN_RANGE_LOOP_ANALYSIS = YES;
				CLANG_WARN_STRICT_PROTOTYPES = YES;
				CLANG_WARN_SUSPICIOUS_MOVE = YES;
				CLANG_WARN_UNGUARDED_AVAILABILITY = YES_AGGRESSIVE;
				CLANG_WARN_UNREACHABLE_CODE = YES;
				CLANG_WARN__DUPLICATE_METHOD_MATCH = YES;
				CODE_SIGN_IDENTITY = "iPhone Developer";
				COPY_PHASE_STRIP = NO;
				DEBUG_INFORMATION_FORMAT = dwarf;
				ENABLE_STRICT_OBJC_MSGSEND = YES;
				ENABLE_TESTABILITY = YES;
				GCC_C_LANGUAGE_STANDARD = gnu11;
				GCC_DYNAMIC_NO_PIC = NO;
				GCC_NO_COMMON_BLOCKS = YES;
				GCC_OPTIMIZATION_LEVEL = 0;
				GCC_PREPROCESSOR_DEFINITIONS = (
					"DEBUG=1",
					"$(inherited)",
				);
				GCC_WARN_64_TO_32_BIT_CONVERSION = YES;
				GCC_WARN_ABOUT_RETURN_TYPE = YES_ERROR;
				GCC_WARN_UNDECLARED_SELECTOR = YES;
				GCC_WARN_UNINITIALIZED_AUTOS = YES_AGGRESSIVE;
				GCC_WARN_UNUSED_FUNCTION = YES;
				GCC_WARN_UNUSED_VARIABLE = YES;
				IPHONEOS_DEPLOYMENT_TARGET = 12.0;
				MTL_ENABLE_DEBUG_INFO = INCLUDE_SOURCE;
				MTL_FAST_MATH = YES;
				ONLY_ACTIVE_ARCH = YES;
				SDKROOT = iphoneos;
				SWIFT_ACTIVE_COMPILATION_CONDITIONS = DEBUG;
				SWIFT_OPTIMIZATION_LEVEL = "-Onone";
			};
			name = Debug;
		};
		435DF41C21898FDC00D74D64 /* Release */ = {
			isa = XCBuildConfiguration;
			buildSettings = {
				ALWAYS_SEARCH_USER_PATHS = NO;
				CLANG_ANALYZER_NONNULL = YES;
				CLANG_ANALYZER_NUMBER_OBJECT_CONVERSION = YES_AGGRESSIVE;
				CLANG_CXX_LANGUAGE_STANDARD = "gnu++14";
				CLANG_CXX_LIBRARY = "libc++";
				CLANG_ENABLE_MODULES = YES;
				CLANG_ENABLE_OBJC_ARC = YES;
				CLANG_ENABLE_OBJC_WEAK = YES;
				CLANG_WARN_BLOCK_CAPTURE_AUTORELEASING = YES;
				CLANG_WARN_BOOL_CONVERSION = YES;
				CLANG_WARN_COMMA = YES;
				CLANG_WARN_CONSTANT_CONVERSION = YES;
				CLANG_WARN_DEPRECATED_OBJC_IMPLEMENTATIONS = YES;
				CLANG_WARN_DIRECT_OBJC_ISA_USAGE = YES_ERROR;
				CLANG_WARN_DOCUMENTATION_COMMENTS = YES;
				CLANG_WARN_EMPTY_BODY = YES;
				CLANG_WARN_ENUM_CONVERSION = YES;
				CLANG_WARN_INFINITE_RECURSION = YES;
				CLANG_WARN_INT_CONVERSION = YES;
				CLANG_WARN_NON_LITERAL_NULL_CONVERSION = YES;
				CLANG_WARN_OBJC_IMPLICIT_RETAIN_SELF = YES;
				CLANG_WARN_OBJC_LITERAL_CONVERSION = YES;
				CLANG_WARN_OBJC_ROOT_CLASS = YES_ERROR;
				CLANG_WARN_RANGE_LOOP_ANALYSIS = YES;
				CLANG_WARN_STRICT_PROTOTYPES = YES;
				CLANG_WARN_SUSPICIOUS_MOVE = YES;
				CLANG_WARN_UNGUARDED_AVAILABILITY = YES_AGGRESSIVE;
				CLANG_WARN_UNREACHABLE_CODE = YES;
				CLANG_WARN__DUPLICATE_METHOD_MATCH = YES;
				CODE_SIGN_IDENTITY = "iPhone Developer";
				COPY_PHASE_STRIP = NO;
				DEBUG_INFORMATION_FORMAT = "dwarf-with-dsym";
				ENABLE_NS_ASSERTIONS = NO;
				ENABLE_STRICT_OBJC_MSGSEND = YES;
				GCC_C_LANGUAGE_STANDARD = gnu11;
				GCC_NO_COMMON_BLOCKS = YES;
				GCC_WARN_64_TO_32_BIT_CONVERSION = YES;
				GCC_WARN_ABOUT_RETURN_TYPE = YES_ERROR;
				GCC_WARN_UNDECLARED_SELECTOR = YES;
				GCC_WARN_UNINITIALIZED_AUTOS = YES_AGGRESSIVE;
				GCC_WARN_UNUSED_FUNCTION = YES;
				GCC_WARN_UNUSED_VARIABLE = YES;
				IPHONEOS_DEPLOYMENT_TARGET = 12.0;
				MTL_ENABLE_DEBUG_INFO = NO;
				MTL_FAST_MATH = YES;
				SDKROOT = iphoneos;
				SWIFT_COMPILATION_MODE = wholemodule;
				SWIFT_OPTIMIZATION_LEVEL = "-O";
				VALIDATE_PRODUCT = YES;
			};
			name = Release;
		};
		435DF41E21898FDC00D74D64 /* Debug */ = {
			isa = XCBuildConfiguration;
			baseConfigurationReference = 2E681DB4BBBF9D58CA8F7E27 /* Pods-Investment.debug.xcconfig */;
			buildSettings = {
				ASSETCATALOG_COMPILER_APPICON_NAME = AppIcon;
				CODE_SIGN_STYLE = Automatic;
				DEVELOPMENT_TEAM = 9292Q3JYVD;
				INFOPLIST_FILE = Investment/Info.plist;
				LD_RUNPATH_SEARCH_PATHS = (
					"$(inherited)",
					"@executable_path/Frameworks",
				);
				PRODUCT_BUNDLE_IDENTIFIER = com.photon.com.Investment;
				PRODUCT_NAME = "$(TARGET_NAME)";
				SWIFT_VERSION = 4.2;
				TARGETED_DEVICE_FAMILY = "1,2";
			};
			name = Debug;
		};
		435DF41F21898FDC00D74D64 /* Release */ = {
			isa = XCBuildConfiguration;
			baseConfigurationReference = 91CB04FE6D90241F0826DF70 /* Pods-Investment.release.xcconfig */;
			buildSettings = {
				ASSETCATALOG_COMPILER_APPICON_NAME = AppIcon;
				CODE_SIGN_STYLE = Automatic;
				DEVELOPMENT_TEAM = 9292Q3JYVD;
				INFOPLIST_FILE = Investment/Info.plist;
				LD_RUNPATH_SEARCH_PATHS = (
					"$(inherited)",
					"@executable_path/Frameworks",
				);
				PRODUCT_BUNDLE_IDENTIFIER = com.photon.com.Investment;
				PRODUCT_NAME = "$(TARGET_NAME)";
				SWIFT_VERSION = 4.2;
				TARGETED_DEVICE_FAMILY = "1,2";
			};
			name = Release;
		};
		435DF42121898FDC00D74D64 /* Debug */ = {
			isa = XCBuildConfiguration;
			buildSettings = {
				ALWAYS_EMBED_SWIFT_STANDARD_LIBRARIES = YES;
				BUNDLE_LOADER = "$(TEST_HOST)";
				CODE_SIGN_STYLE = Automatic;
				INFOPLIST_FILE = InvestmentTests/Info.plist;
				LD_RUNPATH_SEARCH_PATHS = (
					"$(inherited)",
					"@executable_path/Frameworks",
					"@loader_path/Frameworks",
				);
				PRODUCT_BUNDLE_IDENTIFIER = com.photon.com.InvestmentTests;
				PRODUCT_NAME = "$(TARGET_NAME)";
				SWIFT_VERSION = 4.2;
				TARGETED_DEVICE_FAMILY = "1,2";
				TEST_HOST = "$(BUILT_PRODUCTS_DIR)/Investment.app/Investment";
			};
			name = Debug;
		};
		435DF42221898FDC00D74D64 /* Release */ = {
			isa = XCBuildConfiguration;
			buildSettings = {
				ALWAYS_EMBED_SWIFT_STANDARD_LIBRARIES = YES;
				BUNDLE_LOADER = "$(TEST_HOST)";
				CODE_SIGN_STYLE = Automatic;
				INFOPLIST_FILE = InvestmentTests/Info.plist;
				LD_RUNPATH_SEARCH_PATHS = (
					"$(inherited)",
					"@executable_path/Frameworks",
					"@loader_path/Frameworks",
				);
				PRODUCT_BUNDLE_IDENTIFIER = com.photon.com.InvestmentTests;
				PRODUCT_NAME = "$(TARGET_NAME)";
				SWIFT_VERSION = 4.2;
				TARGETED_DEVICE_FAMILY = "1,2";
				TEST_HOST = "$(BUILT_PRODUCTS_DIR)/Investment.app/Investment";
			};
			name = Release;
		};
		435DF42421898FDC00D74D64 /* Debug */ = {
			isa = XCBuildConfiguration;
			buildSettings = {
				ALWAYS_EMBED_SWIFT_STANDARD_LIBRARIES = YES;
				CODE_SIGN_STYLE = Automatic;
				INFOPLIST_FILE = InvestmentUITests/Info.plist;
				LD_RUNPATH_SEARCH_PATHS = (
					"$(inherited)",
					"@executable_path/Frameworks",
					"@loader_path/Frameworks",
				);
				PRODUCT_BUNDLE_IDENTIFIER = com.photon.com.InvestmentUITests;
				PRODUCT_NAME = "$(TARGET_NAME)";
				SWIFT_VERSION = 4.2;
				TARGETED_DEVICE_FAMILY = "1,2";
				TEST_TARGET_NAME = Investment;
			};
			name = Debug;
		};
		435DF42521898FDC00D74D64 /* Release */ = {
			isa = XCBuildConfiguration;
			buildSettings = {
				ALWAYS_EMBED_SWIFT_STANDARD_LIBRARIES = YES;
				CODE_SIGN_STYLE = Automatic;
				INFOPLIST_FILE = InvestmentUITests/Info.plist;
				LD_RUNPATH_SEARCH_PATHS = (
					"$(inherited)",
					"@executable_path/Frameworks",
					"@loader_path/Frameworks",
				);
				PRODUCT_BUNDLE_IDENTIFIER = com.photon.com.InvestmentUITests;
				PRODUCT_NAME = "$(TARGET_NAME)";
				SWIFT_VERSION = 4.2;
				TARGETED_DEVICE_FAMILY = "1,2";
				TEST_TARGET_NAME = Investment;
			};
			name = Release;
		};
/* End XCBuildConfiguration section */

/* Begin XCConfigurationList section */
		435DF3F021898FD900D74D64 /* Build configuration list for PBXProject "Investment" */ = {
			isa = XCConfigurationList;
			buildConfigurations = (
				435DF41B21898FDC00D74D64 /* Debug */,
				435DF41C21898FDC00D74D64 /* Release */,
			);
			defaultConfigurationIsVisible = 0;
			defaultConfigurationName = Release;
		};
		435DF41D21898FDC00D74D64 /* Build configuration list for PBXNativeTarget "Investment" */ = {
			isa = XCConfigurationList;
			buildConfigurations = (
				435DF41E21898FDC00D74D64 /* Debug */,
				435DF41F21898FDC00D74D64 /* Release */,
			);
			defaultConfigurationIsVisible = 0;
			defaultConfigurationName = Release;
		};
		435DF42021898FDC00D74D64 /* Build configuration list for PBXNativeTarget "InvestmentTests" */ = {
			isa = XCConfigurationList;
			buildConfigurations = (
				435DF42121898FDC00D74D64 /* Debug */,
				435DF42221898FDC00D74D64 /* Release */,
			);
			defaultConfigurationIsVisible = 0;
			defaultConfigurationName = Release;
		};
		435DF42321898FDC00D74D64 /* Build configuration list for PBXNativeTarget "InvestmentUITests" */ = {
			isa = XCConfigurationList;
			buildConfigurations = (
				435DF42421898FDC00D74D64 /* Debug */,
				435DF42521898FDC00D74D64 /* Release */,
			);
			defaultConfigurationIsVisible = 0;
			defaultConfigurationName = Release;
		};
/* End XCConfigurationList section */
	};
	rootObject = 435DF3ED21898FD900D74D64 /* Project object */;
}
